
Microsoft Visual Studio Solution File, Format Version 12.00
# Visual Studio Version 17
VisualStudioVersion = 17.2.32602.215
MinimumVisualStudioVersion = 10.0.40219.1
Project("{FAE04EC0-301F-11D3-BF4B-00C04F79EFBC}") = "OOPTask2", "OOPTask2\OOPTask2.csproj", "{2A6BAA0D-0C0D-4081-BA13-572014B79CE2}"
EndProject
Global
	GlobalSection(SolutionConfigurationPlatforms) = preSolution
		Debug|Any CPU = Debug|Any CPU
		Release|Any CPU = Release|Any CPU
	EndGlobalSection
	GlobalSection(ProjectConfigurationPlatforms) = postSolution
		{2A6BAA0D-0C0D-4081-BA13-572014B79CE2}.Debug|Any CPU.ActiveCfg = Debug|Any CPU
		{2A6BAA0D-0C0D-4081-BA13-572014B79CE2}.Debug|Any CPU.Build.0 = Debug|Any CPU
		{2A6BAA0D-0C0D-4081-BA13-572014B79CE2}.Release|Any CPU.ActiveCfg = Release|Any CPU
		{2A6BAA0D-0C0D-4081-BA13-572014B79CE2}.Release|Any CPU.Build.0 = Release|Any CPU
	EndGlobalSection
	GlobalSection(SolutionProperties) = preSolution
		HideSolutionNode = FALSE
	EndGlobalSection
	GlobalSection(ExtensibilityGlobals) = postSolution
		SolutionGuid = {2618E23E-816F-49D1-965C-5BACE57568B1}
	EndGlobalSection
EndGlobal
